// !$*UTF8*$!
{
	archiveVersion = 1;
	classes = {
	};
	objectVersion = 46;
	objects = {

/* Begin PBXBuildFile section */
		850106DF1C071A56007FA519 /* DownloadManager.swift in Sources */ = {isa = PBXBuildFile; fileRef = 850106DE1C071A56007FA519 /* DownloadManager.swift */; };
		850106E11C072F04007FA519 /* Encodable.swift in Sources */ = {isa = PBXBuildFile; fileRef = 850106E01C072F04007FA519 /* Encodable.swift */; };
		850106E31C072FF9007FA519 /* Download.swift in Sources */ = {isa = PBXBuildFile; fileRef = 850106E21C072FF9007FA519 /* Download.swift */; };
		850818321BF68944002A0731 /* AppDelegate.swift in Sources */ = {isa = PBXBuildFile; fileRef = 850818311BF68944002A0731 /* AppDelegate.swift */; };
		850818341BF68944002A0731 /* ListVideosVC.swift in Sources */ = {isa = PBXBuildFile; fileRef = 850818331BF68944002A0731 /* ListVideosVC.swift */; };
		850818361BF68944002A0731 /* DownloadVideoVC.swift in Sources */ = {isa = PBXBuildFile; fileRef = 850818351BF68944002A0731 /* DownloadVideoVC.swift */; };
		850818391BF68944002A0731 /* Main.storyboard in Resources */ = {isa = PBXBuildFile; fileRef = 850818371BF68944002A0731 /* Main.storyboard */; };
		8508183B1BF68944002A0731 /* Assets.xcassets in Resources */ = {isa = PBXBuildFile; fileRef = 8508183A1BF68944002A0731 /* Assets.xcassets */; };
		8508183E1BF68944002A0731 /* LaunchScreen.storyboard in Resources */ = {isa = PBXBuildFile; fileRef = 8508183C1BF68944002A0731 /* LaunchScreen.storyboard */; };
		850818501BF6B581002A0731 /* AVKit.framework in Frameworks */ = {isa = PBXBuildFile; fileRef = 8508184F1BF6B581002A0731 /* AVKit.framework */; };
		851C0A211C4FC06300D87F0F /* YouTube+Helper.swift in Sources */ = {isa = PBXBuildFile; fileRef = 851C0A201C4FC06300D87F0F /* YouTube+Helper.swift */; };
		8522DBD11C058C81002B98D1 /* XCDYouTubeKit.framework.dSYM in Resources */ = {isa = PBXBuildFile; fileRef = 8522DBCF1C058C81002B98D1 /* XCDYouTubeKit.framework.dSYM */; };
		8522DBD51C058C9E002B98D1 /* Alamofire.framework.dSYM in Resources */ = {isa = PBXBuildFile; fileRef = 8522DBD31C058C9E002B98D1 /* Alamofire.framework.dSYM */; };
		8522DBD61C05B533002B98D1 /* XCDYouTubeKit.framework in Frameworks */ = {isa = PBXBuildFile; fileRef = 8522DBCE1C058C81002B98D1 /* XCDYouTubeKit.framework */; };
		8522DBD71C05B535002B98D1 /* Alamofire.framework in Frameworks */ = {isa = PBXBuildFile; fileRef = 8522DBD21C058C9E002B98D1 /* Alamofire.framework */; };
		8539E2C01C4678EF0045CE7F /* NotificationManager.swift in Sources */ = {isa = PBXBuildFile; fileRef = 8539E2BF1C4678EF0045CE7F /* NotificationManager.swift */; };
		8539E2C21C467CD70045CE7F /* VideoCell.swift in Sources */ = {isa = PBXBuildFile; fileRef = 8539E2C11C467CD70045CE7F /* VideoCell.swift */; };
		858A7A351BFA91FC00989324 /* AVFoundation.framework in Frameworks */ = {isa = PBXBuildFile; fileRef = 8508184D1BF6B55D002A0731 /* AVFoundation.framework */; };
		858A7A361BFA920100989324 /* MediaPlayer.framework in Frameworks */ = {isa = PBXBuildFile; fileRef = 8508184B1BF6B49F002A0731 /* MediaPlayer.framework */; };
		85C9B3AC1C24D02F00C41946 /* Dispatch+Utils.swift in Sources */ = {isa = PBXBuildFile; fileRef = 85C9B3AB1C24D02F00C41946 /* Dispatch+Utils.swift */; };
		85EDEA7F1BFA9A960020554F /* XCDYoutubeKit+Extension.swift in Sources */ = {isa = PBXBuildFile; fileRef = 85EDEA7E1BFA9A960020554F /* XCDYoutubeKit+Extension.swift */; };
		85EDEA811BFAA6C70020554F /* CoreMedia.framework in Frameworks */ = {isa = PBXBuildFile; fileRef = 85EDEA801BFAA6C70020554F /* CoreMedia.framework */; };
		85EDEA831BFAAB570020554F /* UIViewController+Utils.swift in Sources */ = {isa = PBXBuildFile; fileRef = 85EDEA821BFAAB570020554F /* UIViewController+Utils.swift */; };
/* End PBXBuildFile section */

/* Begin PBXCopyFilesBuildPhase section */
		850818481BF6A9A1002A0731 /* CopyFiles */ = {
			isa = PBXCopyFilesBuildPhase;
			buildActionMask = 2147483647;
			dstPath = "";
			dstSubfolderSpec = 10;
			files = (
			);
			runOnlyForDeploymentPostprocessing = 0;
		};
		85EDEA921BFAB1FC0020554F /* Embed Frameworks */ = {
			isa = PBXCopyFilesBuildPhase;
			buildActionMask = 2147483647;
			dstPath = "";
			dstSubfolderSpec = 10;
			files = (
			);
			name = "Embed Frameworks";
			runOnlyForDeploymentPostprocessing = 0;
		};
/* End PBXCopyFilesBuildPhase section */

/* Begin PBXFileReference section */
		850106DE1C071A56007FA519 /* DownloadManager.swift */ = {isa = PBXFileReference; fileEncoding = 4; lastKnownFileType = sourcecode.swift; path = DownloadManager.swift; sourceTree = "<group>"; };
		850106E01C072F04007FA519 /* Encodable.swift */ = {isa = PBXFileReference; fileEncoding = 4; lastKnownFileType = sourcecode.swift; path = Encodable.swift; sourceTree = "<group>"; };
		850106E21C072FF9007FA519 /* Download.swift */ = {isa = PBXFileReference; fileEncoding = 4; lastKnownFileType = sourcecode.swift; path = Download.swift; sourceTree = "<group>"; };
		8508182E1BF68944002A0731 /* YouTube Downloader.app */ = {isa = PBXFileReference; explicitFileType = wrapper.application; includeInIndex = 0; path = "YouTube Downloader.app"; sourceTree = BUILT_PRODUCTS_DIR; };
		850818311BF68944002A0731 /* AppDelegate.swift */ = {isa = PBXFileReference; lastKnownFileType = sourcecode.swift; path = AppDelegate.swift; sourceTree = "<group>"; };
		850818331BF68944002A0731 /* ListVideosVC.swift */ = {isa = PBXFileReference; lastKnownFileType = sourcecode.swift; path = ListVideosVC.swift; sourceTree = "<group>"; };
		850818351BF68944002A0731 /* DownloadVideoVC.swift */ = {isa = PBXFileReference; lastKnownFileType = sourcecode.swift; path = DownloadVideoVC.swift; sourceTree = "<group>"; };
		850818381BF68944002A0731 /* Base */ = {isa = PBXFileReference; lastKnownFileType = file.storyboard; name = Base; path = Base.lproj/Main.storyboard; sourceTree = "<group>"; };
		8508183A1BF68944002A0731 /* Assets.xcassets */ = {isa = PBXFileReference; lastKnownFileType = folder.assetcatalog; path = Assets.xcassets; sourceTree = "<group>"; };
		8508183D1BF68944002A0731 /* Base */ = {isa = PBXFileReference; lastKnownFileType = file.storyboard; name = Base; path = Base.lproj/LaunchScreen.storyboard; sourceTree = "<group>"; };
		8508183F1BF68944002A0731 /* Info.plist */ = {isa = PBXFileReference; lastKnownFileType = text.plist.xml; path = Info.plist; sourceTree = "<group>"; };
		8508184B1BF6B49F002A0731 /* MediaPlayer.framework */ = {isa = PBXFileReference; lastKnownFileType = wrapper.framework; name = MediaPlayer.framework; path = System/Library/Frameworks/MediaPlayer.framework; sourceTree = SDKROOT; };
		8508184D1BF6B55D002A0731 /* AVFoundation.framework */ = {isa = PBXFileReference; lastKnownFileType = wrapper.framework; name = AVFoundation.framework; path = System/Library/Frameworks/AVFoundation.framework; sourceTree = SDKROOT; };
		8508184F1BF6B581002A0731 /* AVKit.framework */ = {isa = PBXFileReference; lastKnownFileType = wrapper.framework; name = AVKit.framework; path = System/Library/Frameworks/AVKit.framework; sourceTree = SDKROOT; };
		851C0A201C4FC06300D87F0F /* YouTube+Helper.swift */ = {isa = PBXFileReference; fileEncoding = 4; lastKnownFileType = sourcecode.swift; path = "YouTube+Helper.swift"; sourceTree = "<group>"; };
		8522DBCE1C058C81002B98D1 /* XCDYouTubeKit.framework */ = {isa = PBXFileReference; lastKnownFileType = wrapper.framework; name = XCDYouTubeKit.framework; path = Carthage/Build/iOS/XCDYouTubeKit.framework; sourceTree = "<group>"; };
		8522DBCF1C058C81002B98D1 /* XCDYouTubeKit.framework.dSYM */ = {isa = PBXFileReference; lastKnownFileType = wrapper.dsym; name = XCDYouTubeKit.framework.dSYM; path = Carthage/Build/iOS/XCDYouTubeKit.framework.dSYM; sourceTree = "<group>"; };
		8522DBD21C058C9E002B98D1 /* Alamofire.framework */ = {isa = PBXFileReference; lastKnownFileType = wrapper.framework; name = Alamofire.framework; path = Carthage/Build/iOS/Alamofire.framework; sourceTree = "<group>"; };
		8522DBD31C058C9E002B98D1 /* Alamofire.framework.dSYM */ = {isa = PBXFileReference; lastKnownFileType = wrapper.dsym; name = Alamofire.framework.dSYM; path = Carthage/Build/iOS/Alamofire.framework.dSYM; sourceTree = "<group>"; };
		8539E2BF1C4678EF0045CE7F /* NotificationManager.swift */ = {isa = PBXFileReference; fileEncoding = 4; lastKnownFileType = sourcecode.swift; path = NotificationManager.swift; sourceTree = "<group>"; };
		8539E2C11C467CD70045CE7F /* VideoCell.swift */ = {isa = PBXFileReference; fileEncoding = 4; lastKnownFileType = sourcecode.swift; path = VideoCell.swift; sourceTree = "<group>"; };
		85C9B3AB1C24D02F00C41946 /* Dispatch+Utils.swift */ = {isa = PBXFileReference; fileEncoding = 4; lastKnownFileType = sourcecode.swift; path = "Dispatch+Utils.swift"; sourceTree = "<group>"; };
		85EDEA7E1BFA9A960020554F /* XCDYoutubeKit+Extension.swift */ = {isa = PBXFileReference; fileEncoding = 4; lastKnownFileType = sourcecode.swift; path = "XCDYoutubeKit+Extension.swift"; sourceTree = "<group>"; };
		85EDEA801BFAA6C70020554F /* CoreMedia.framework */ = {isa = PBXFileReference; lastKnownFileType = wrapper.framework; name = CoreMedia.framework; path = System/Library/Frameworks/CoreMedia.framework; sourceTree = SDKROOT; };
		85EDEA821BFAAB570020554F /* UIViewController+Utils.swift */ = {isa = PBXFileReference; fileEncoding = 4; lastKnownFileType = sourcecode.swift; path = "UIViewController+Utils.swift"; sourceTree = "<group>"; };
/* End PBXFileReference section */

/* Begin PBXFrameworksBuildPhase section */
		8508182B1BF68944002A0731 /* Frameworks */ = {
			isa = PBXFrameworksBuildPhase;
			buildActionMask = 2147483647;
			files = (
				85EDEA811BFAA6C70020554F /* CoreMedia.framework in Frameworks */,
				8522DBD71C05B535002B98D1 /* Alamofire.framework in Frameworks */,
				8522DBD61C05B533002B98D1 /* XCDYouTubeKit.framework in Frameworks */,
				858A7A361BFA920100989324 /* MediaPlayer.framework in Frameworks */,
				858A7A351BFA91FC00989324 /* AVFoundation.framework in Frameworks */,
				850818501BF6B581002A0731 /* AVKit.framework in Frameworks */,
			);
			runOnlyForDeploymentPostprocessing = 0;
		};
/* End PBXFrameworksBuildPhase section */

/* Begin PBXGroup section */
		850818251BF68944002A0731 = {
			isa = PBXGroup;
			children = (
				850818301BF68944002A0731 /* YouTube Downloader */,
				858A7A1A1BFA900200989324 /* Frameworks */,
				8508182F1BF68944002A0731 /* Products */,
			);
			sourceTree = "<group>";
		};
		8508182F1BF68944002A0731 /* Products */ = {
			isa = PBXGroup;
			children = (
				8508182E1BF68944002A0731 /* YouTube Downloader.app */,
			);
			name = Products;
			sourceTree = "<group>";
		};
		850818301BF68944002A0731 /* YouTube Downloader */ = {
			isa = PBXGroup;
			children = (
				8508183F1BF68944002A0731 /* Info.plist */,
				850818311BF68944002A0731 /* AppDelegate.swift */,
				850106E21C072FF9007FA519 /* Download.swift */,
				850106DE1C071A56007FA519 /* DownloadManager.swift */,
				850818351BF68944002A0731 /* DownloadVideoVC.swift */,
				850106E01C072F04007FA519 /* Encodable.swift */,
				850818331BF68944002A0731 /* ListVideosVC.swift */,
				8539E2C11C467CD70045CE7F /* VideoCell.swift */,
				851C0A231C4FC12100D87F0F /* Resources */,
				851C0A221C4FC0FD00D87F0F /* Utils */,
			);
			path = "YouTube Downloader";
			sourceTree = "<group>";
		};
		851C0A221C4FC0FD00D87F0F /* Utils */ = {
			isa = PBXGroup;
			children = (
				85C9B3AB1C24D02F00C41946 /* Dispatch+Utils.swift */,
				8539E2BF1C4678EF0045CE7F /* NotificationManager.swift */,
				85EDEA821BFAAB570020554F /* UIViewController+Utils.swift */,
				85EDEA7E1BFA9A960020554F /* XCDYoutubeKit+Extension.swift */,
				851C0A201C4FC06300D87F0F /* YouTube+Helper.swift */,
			);
			name = Utils;
			sourceTree = "<group>";
		};
		851C0A231C4FC12100D87F0F /* Resources */ = {
			isa = PBXGroup;
			children = (
				8508183A1BF68944002A0731 /* Assets.xcassets */,
				8508183C1BF68944002A0731 /* LaunchScreen.storyboard */,
				850818371BF68944002A0731 /* Main.storyboard */,
			);
			name = Resources;
			sourceTree = "<group>";
		};
		858A7A1A1BFA900200989324 /* Frameworks */ = {
			isa = PBXGroup;
			children = (
				8508184D1BF6B55D002A0731 /* AVFoundation.framework */,
				8508184F1BF6B581002A0731 /* AVKit.framework */,
				85EDEA801BFAA6C70020554F /* CoreMedia.framework */,
				8508184B1BF6B49F002A0731 /* MediaPlayer.framework */,
				85EDEA841BFAAFD00020554F /* Alamofire */,
				85EDEA751BFA98300020554F /* XCDYouTubeKit */,
			);
			name = Frameworks;
			sourceTree = "<group>";
		};
		85EDEA751BFA98300020554F /* XCDYouTubeKit */ = {
			isa = PBXGroup;
			children = (
				8522DBCE1C058C81002B98D1 /* XCDYouTubeKit.framework */,
				8522DBCF1C058C81002B98D1 /* XCDYouTubeKit.framework.dSYM */,
			);
			name = XCDYouTubeKit;
			sourceTree = "<group>";
		};
		85EDEA841BFAAFD00020554F /* Alamofire */ = {
			isa = PBXGroup;
			children = (
				8522DBD21C058C9E002B98D1 /* Alamofire.framework */,
				8522DBD31C058C9E002B98D1 /* Alamofire.framework.dSYM */,
			);
			name = Alamofire;
			sourceTree = "<group>";
		};
/* End PBXGroup section */

/* Begin PBXNativeTarget section */
		8508182D1BF68944002A0731 /* YouTube Downloader */ = {
			isa = PBXNativeTarget;
			buildConfigurationList = 850818421BF68944002A0731 /* Build configuration list for PBXNativeTarget "YouTube Downloader" */;
			buildPhases = (
				8508182A1BF68944002A0731 /* Sources */,
				8508182B1BF68944002A0731 /* Frameworks */,
				8508182C1BF68944002A0731 /* Resources */,
				850818471BF6A94D002A0731 /* Carthage */,
				850818481BF6A9A1002A0731 /* CopyFiles */,
				85EDEA921BFAB1FC0020554F /* Embed Frameworks */,
			);
			buildRules = (
			);
			dependencies = (
			);
			name = "YouTube Downloader";
			productName = "YouTube Downloader";
			productReference = 8508182E1BF68944002A0731 /* YouTube Downloader.app */;
			productType = "com.apple.product-type.application";
		};
/* End PBXNativeTarget section */

/* Begin PBXProject section */
		850818261BF68944002A0731 /* Project object */ = {
			isa = PBXProject;
			attributes = {
				LastSwiftUpdateCheck = 0710;
				LastUpgradeCheck = 0710;
				TargetAttributes = {
					8508182D1BF68944002A0731 = {
						CreatedOnToolsVersion = 7.1.1;
						DevelopmentTeam = 7J476239ZT;
					};
				};
			};
			buildConfigurationList = 850818291BF68944002A0731 /* Build configuration list for PBXProject "YouTube Downloader" */;
			compatibilityVersion = "Xcode 3.2";
			developmentRegion = English;
			hasScannedForEncodings = 0;
			knownRegions = (
				en,
				Base,
			);
			mainGroup = 850818251BF68944002A0731;
			productRefGroup = 8508182F1BF68944002A0731 /* Products */;
			projectDirPath = "";
			projectRoot = "";
			targets = (
				8508182D1BF68944002A0731 /* YouTube Downloader */,
			);
		};
/* End PBXProject section */

/* Begin PBXResourcesBuildPhase section */
		8508182C1BF68944002A0731 /* Resources */ = {
			isa = PBXResourcesBuildPhase;
			buildActionMask = 2147483647;
			files = (
				8508183E1BF68944002A0731 /* LaunchScreen.storyboard in Resources */,
				8522DBD11C058C81002B98D1 /* XCDYouTubeKit.framework.dSYM in Resources */,
				8522DBD51C058C9E002B98D1 /* Alamofire.framework.dSYM in Resources */,
				8508183B1BF68944002A0731 /* Assets.xcassets in Resources */,
				850818391BF68944002A0731 /* Main.storyboard in Resources */,
			);
			runOnlyForDeploymentPostprocessing = 0;
		};
/* End PBXResourcesBuildPhase section */

/* Begin PBXShellScriptBuildPhase section */
		850818471BF6A94D002A0731 /* Carthage */ = {
			isa = PBXShellScriptBuildPhase;
			buildActionMask = 2147483647;
			files = (
			);
			inputPaths = (
				"$(SRCROOT)/Carthage/Build/iOS/XCDYouTubeKit.framework",
				"$(SRCROOT)/Carthage/Build/iOS/Alamofire.framework",
			);
			name = Carthage;
			outputPaths = (
			);
			runOnlyForDeploymentPostprocessing = 0;
			shellPath = /bin/sh;
			shellScript = "/usr/local/bin/carthage copy-frameworks";
		};
/* End PBXShellScriptBuildPhase section */

/* Begin PBXSourcesBuildPhase section */
		8508182A1BF68944002A0731 /* Sources */ = {
			isa = PBXSourcesBuildPhase;
			buildActionMask = 2147483647;
			files = (
				85EDEA7F1BFA9A960020554F /* XCDYoutubeKit+Extension.swift in Sources */,
				85C9B3AC1C24D02F00C41946 /* Dispatch+Utils.swift in Sources */,
				8539E2C01C4678EF0045CE7F /* NotificationManager.swift in Sources */,
				851C0A211C4FC06300D87F0F /* YouTube+Helper.swift in Sources */,
				850106E31C072FF9007FA519 /* Download.swift in Sources */,
				850106E11C072F04007FA519 /* Encodable.swift in Sources */,
				850106DF1C071A56007FA519 /* DownloadManager.swift in Sources */,
				850818361BF68944002A0731 /* DownloadVideoVC.swift in Sources */,
				8539E2C21C467CD70045CE7F /* VideoCell.swift in Sources */,
				850818321BF68944002A0731 /* AppDelegate.swift in Sources */,
				850818341BF68944002A0731 /* ListVideosVC.swift in Sources */,
				85EDEA831BFAAB570020554F /* UIViewController+Utils.swift in Sources */,
			);
			runOnlyForDeploymentPostprocessing = 0;
		};
/* End PBXSourcesBuildPhase section */

/* Begin PBXVariantGroup section */
		850818371BF68944002A0731 /* Main.storyboard */ = {
			isa = PBXVariantGroup;
			children = (
				850818381BF68944002A0731 /* Base */,
			);
			name = Main.storyboard;
			sourceTree = "<group>";
		};
		8508183C1BF68944002A0731 /* LaunchScreen.storyboard */ = {
			isa = PBXVariantGroup;
			children = (
				8508183D1BF68944002A0731 /* Base */,
			);
			name = LaunchScreen.storyboard;
			sourceTree = "<group>";
		};
/* End PBXVariantGroup section */

/* Begin XCBuildConfiguration section */
		850818401BF68944002A0731 /* Debug */ = {
			isa = XCBuildConfiguration;
			buildSettings = {
				ALWAYS_SEARCH_USER_PATHS = NO;
				CLANG_CXX_LANGUAGE_STANDARD = "gnu++0x";
				CLANG_CXX_LIBRARY = "libc++";
				CLANG_ENABLE_MODULES = YES;
				CLANG_ENABLE_OBJC_ARC = YES;
				CLANG_WARN_BOOL_CONVERSION = YES;
				CLANG_WARN_CONSTANT_CONVERSION = YES;
				CLANG_WARN_DIRECT_OBJC_ISA_USAGE = YES_ERROR;
				CLANG_WARN_EMPTY_BODY = YES;
				CLANG_WARN_ENUM_CONVERSION = YES;
				CLANG_WARN_INT_CONVERSION = YES;
				CLANG_WARN_OBJC_ROOT_CLASS = YES_ERROR;
				CLANG_WARN_UNREACHABLE_CODE = YES;
				CLANG_WARN__DUPLICATE_METHOD_MATCH = YES;
				"CODE_SIGN_IDENTITY[sdk=iphoneos*]" = "iPhone Developer";
				COPY_PHASE_STRIP = NO;
				DEBUG_INFORMATION_FORMAT = dwarf;
				ENABLE_STRICT_OBJC_MSGSEND = YES;
				ENABLE_TESTABILITY = YES;
				GCC_C_LANGUAGE_STANDARD = gnu99;
				GCC_DYNAMIC_NO_PIC = NO;
				GCC_NO_COMMON_BLOCKS = YES;
				GCC_OPTIMIZATION_LEVEL = 0;
				GCC_PREPROCESSOR_DEFINITIONS = (
					"DEBUG=1",
					"$(inherited)",
				);
				GCC_WARN_64_TO_32_BIT_CONVERSION = YES;
				GCC_WARN_ABOUT_RETURN_TYPE = YES_ERROR;
				GCC_WARN_UNDECLARED_SELECTOR = YES;
				GCC_WARN_UNINITIALIZED_AUTOS = YES_AGGRESSIVE;
				GCC_WARN_UNUSED_FUNCTION = YES;
				GCC_WARN_UNUSED_VARIABLE = YES;
				IPHONEOS_DEPLOYMENT_TARGET = 9.1;
				MTL_ENABLE_DEBUG_INFO = YES;
				ONLY_ACTIVE_ARCH = YES;
				SDKROOT = iphoneos;
				SWIFT_OPTIMIZATION_LEVEL = "-Onone";
			};
			name = Debug;
		};
		850818411BF68944002A0731 /* Release */ = {
			isa = XCBuildConfiguration;
			buildSettings = {
				ALWAYS_SEARCH_USER_PATHS = NO;
				CLANG_CXX_LANGUAGE_STANDARD = "gnu++0x";
				CLANG_CXX_LIBRARY = "libc++";
				CLANG_ENABLE_MODULES = YES;
				CLANG_ENABLE_OBJC_ARC = YES;
				CLANG_WARN_BOOL_CONVERSION = YES;
				CLANG_WARN_CONSTANT_CONVERSION = YES;
				CLANG_WARN_DIRECT_OBJC_ISA_USAGE = YES_ERROR;
				CLANG_WARN_EMPTY_BODY = YES;
				CLANG_WARN_ENUM_CONVERSION = YES;
				CLANG_WARN_INT_CONVERSION = YES;
				CLANG_WARN_OBJC_ROOT_CLASS = YES_ERROR;
				CLANG_WARN_UNREACHABLE_CODE = YES;
				CLANG_WARN__DUPLICATE_METHOD_MATCH = YES;
				"CODE_SIGN_IDENTITY[sdk=iphoneos*]" = "iPhone Developer";
				COPY_PHASE_STRIP = NO;
				DEBUG_INFORMATION_FORMAT = "dwarf-with-dsym";
				ENABLE_NS_ASSERTIONS = NO;
				ENABLE_STRICT_OBJC_MSGSEND = YES;
				GCC_C_LANGUAGE_STANDARD = gnu99;
				GCC_NO_COMMON_BLOCKS = YES;
				GCC_WARN_64_TO_32_BIT_CONVERSION = YES;
				GCC_WARN_ABOUT_RETURN_TYPE = YES_ERROR;
				GCC_WARN_UNDECLARED_SELECTOR = YES;
				GCC_WARN_UNINITIALIZED_AUTOS = YES_AGGRESSIVE;
				GCC_WARN_UNUSED_FUNCTION = YES;
				GCC_WARN_UNUSED_VARIABLE = YES;
				IPHONEOS_DEPLOYMENT_TARGET = 9.1;
				MTL_ENABLE_DEBUG_INFO = NO;
				SDKROOT = iphoneos;
				VALIDATE_PRODUCT = YES;
			};
			name = Release;
		};
		850818431BF68944002A0731 /* Debug */ = {
			isa = XCBuildConfiguration;
			buildSettings = {
				ASSETCATALOG_COMPILER_APPICON_NAME = AppIcon;
				CODE_SIGN_IDENTITY = "iPhone Developer";
				"CODE_SIGN_IDENTITY[sdk=iphoneos*]" = "iPhone Developer";
				FRAMEWORK_SEARCH_PATHS = (
					"$(inherited)",
					"$(PROJECT_DIR)/Carthage/Build/iOS",
				);
				INFOPLIST_FILE = "YouTube Downloader/Info.plist";
				LD_RUNPATH_SEARCH_PATHS = "$(inherited) @executable_path/Frameworks";
				LIBRARY_SEARCH_PATHS = "$(inherited)";
				PRODUCT_BUNDLE_IDENTIFIER = "me.fantattitude.YouTube-Downloader";
				PRODUCT_NAME = "$(TARGET_NAME)";
				PROVISIONING_PROFILE = "";
			};
			name = Debug;
		};
		850818441BF68944002A0731 /* Release */ = {
			isa = XCBuildConfiguration;
			buildSettings = {
				ASSETCATALOG_COMPILER_APPICON_NAME = AppIcon;
				CODE_SIGN_IDENTITY = "iPhone Developer";
				"CODE_SIGN_IDENTITY[sdk=iphoneos*]" = "iPhone Developer";
				FRAMEWORK_SEARCH_PATHS = (
					"$(inherited)",
					"$(PROJECT_DIR)/Carthage/Build/iOS",
				);
				INFOPLIST_FILE = "YouTube Downloader/Info.plist";
				LD_RUNPATH_SEARCH_PATHS = "$(inherited) @executable_path/Frameworks";
				LIBRARY_SEARCH_PATHS = "$(inherited)";
				PRODUCT_BUNDLE_IDENTIFIER = "me.fantattitude.YouTube-Downloader";
				PRODUCT_NAME = "$(TARGET_NAME)";
				PROVISIONING_PROFILE = "";
			};
			name = Release;
		};
/* End XCBuildConfiguration section */

/* Begin XCConfigurationList section */
		850818291BF68944002A0731 /* Build configuration list for PBXProject "YouTube Downloader" */ = {
			isa = XCConfigurationList;
			buildConfigurations = (
				850818401BF68944002A0731 /* Debug */,
				850818411BF68944002A0731 /* Release */,
			);
			defaultConfigurationIsVisible = 0;
			defaultConfigurationName = Release;
		};
		850818421BF68944002A0731 /* Build configuration list for PBXNativeTarget "YouTube Downloader" */ = {
			isa = XCConfigurationList;
			buildConfigurations = (
				850818431BF68944002A0731 /* Debug */,
				850818441BF68944002A0731 /* Release */,
			);
			defaultConfigurationIsVisible = 0;
			defaultConfigurationName = Release;
		};
/* End XCConfigurationList section */
	};
	rootObject = 850818261BF68944002A0731 /* Project object */;
}
